
Microsoft Visual Studio Solution File, Format Version 12.00
# Visual Studio Version 17
VisualStudioVersion = 17.2.32516.85
MinimumVisualStudioVersion = 10.0.40219.1
Project("{FAE04EC0-301F-11D3-BF4B-00C04F79EFBC}") = "ConsultaCep", "ConsultaCep\ConsultaCep.csproj", "{4F3D7A75-A4EF-4F4D-87B1-E71BF79F865F}"
EndProject
Global
	GlobalSection(SolutionConfigurationPlatforms) = preSolution
		Debug|Any CPU = Debug|Any CPU
		Release|Any CPU = Release|Any CPU
	EndGlobalSection
	GlobalSection(ProjectConfigurationPlatforms) = postSolution
		{4F3D7A75-A4EF-4F4D-87B1-E71BF79F865F}.Debug|Any CPU.ActiveCfg = Debug|Any CPU
		{4F3D7A75-A4EF-4F4D-87B1-E71BF79F865F}.Debug|Any CPU.Build.0 = Debug|Any CPU
		{4F3D7A75-A4EF-4F4D-87B1-E71BF79F865F}.Release|Any CPU.ActiveCfg = Release|Any CPU
		{4F3D7A75-A4EF-4F4D-87B1-E71BF79F865F}.Release|Any CPU.Build.0 = Release|Any CPU
	EndGlobalSection
	GlobalSection(SolutionProperties) = preSolution
		HideSolutionNode = FALSE
	EndGlobalSection
	GlobalSection(ExtensibilityGlobals) = postSolution
		SolutionGuid = {6DDFE5D7-3B90-43B1-A1D4-DB6FC61064D8}
	EndGlobalSection
EndGlobal
